{
  "requires": true,
  "lockfileVersion": 1,
  "dependencies": {
    "types": {
      "version": "git://github.com/karkael64/types.git#7b67f5424f47d715b4f056824cb814f9d23fd944",
      "from": "git://github.com/karkael64/types.git"
    },
    "http-arguments": {
      "version": "git://github.com/karkael64/http-arguments.git#1c93255325e186dfb8e828e901f78cabfdae3d1b",
      "from": "git://github.com/karkael64/http-arguments.git"
    },
    "bson": {
      "version": "node_modules/bson/bson.js#1.0.0",
      "from": "./node_modules/bson/"
    },
    "component": {
      "version": "node_modules/component/component.js#1.0.0",
      "from": "./node_modules/component/"
    },
    "content": {
      "version": "node_modules/content/content.js#1.0.0",
      "from": "./node_modules/content/"
    },
    "http-code": {
      "version": "node_modules/http-code/http-code.js#1.0.0",
      "from": "./node_modules/http-code/"
    },
    "page": {
      "version": "node_modules/page/page.js#1.0.0",
      "from": "./node_modules/page/"
    }
  }
}
