{
  "name": "amonite-js",
  "version": "1.0.0",
  "lockfileVersion": 1,
  "requires": true,
  "dependencies": {
    "bson": {
      "version": "github:karkael64/bson#abb52d9144c9d4d074b89e21b181263bfd07e10a",
      "from": "github:karkael64/bson"
    },
    "http-arguments": {
      "version": "github:karkael64/http-arguments#1c93255325e186dfb8e828e901f78cabfdae3d1b",
      "from": "github:karkael64/http-arguments"
    },
    "http-code": {
      "version": "github:karkael64/http-code#4c99cf0fa9631a5394a41f49ed1db0ba07815050",
      "from": "github:karkael64/http-code"
    },
    "types": {
      "version": "github:karkael64/types#7b67f5424f47d715b4f056824cb814f9d23fd944",
      "from": "github:karkael64/types"
    }
  }
}
